
Microsoft Visual Studio Solution File, Format Version 12.00
# Visual Studio Version 17
VisualStudioVersion = 17.4.33213.308
MinimumVisualStudioVersion = 10.0.40219.1
Project("{FAE04EC0-301F-11D3-BF4B-00C04F79EFBC}") = "ClassAndObject", "ClassAndObject\ClassAndObject.csproj", "{62540A72-3D3A-4D5C-A799-9E39E3B28B74}"
EndProject
Global
	GlobalSection(SolutionConfigurationPlatforms) = preSolution
		Debug|Any CPU = Debug|Any CPU
		Release|Any CPU = Release|Any CPU
	EndGlobalSection
	GlobalSection(ProjectConfigurationPlatforms) = postSolution
		{62540A72-3D3A-4D5C-A799-9E39E3B28B74}.Debug|Any CPU.ActiveCfg = Debug|Any CPU
		{62540A72-3D3A-4D5C-A799-9E39E3B28B74}.Debug|Any CPU.Build.0 = Debug|Any CPU
		{62540A72-3D3A-4D5C-A799-9E39E3B28B74}.Release|Any CPU.ActiveCfg = Release|Any CPU
		{62540A72-3D3A-4D5C-A799-9E39E3B28B74}.Release|Any CPU.Build.0 = Release|Any CPU
	EndGlobalSection
	GlobalSection(SolutionProperties) = preSolution
		HideSolutionNode = FALSE
	EndGlobalSection
	GlobalSection(ExtensibilityGlobals) = postSolution
		SolutionGuid = {2D940B29-6AAC-47BA-BA32-16527A5AEEEB}
	EndGlobalSection
EndGlobal
